
Microsoft Visual Studio Solution File, Format Version 12.00
# Visual Studio Version 16
VisualStudioVersion = 16.0.32630.194
MinimumVisualStudioVersion = 10.0.40219.1
Project("{8BC9CEB8-8B4A-11D0-8D11-00A0C91BC942}") = "cppl_1_1", "cppl_1_1\cppl_1_1.vcxproj", "{E51C839F-303E-469F-957B-351CF49FE0C9}"
EndProject
Global
	GlobalSection(SolutionConfigurationPlatforms) = preSolution
		Debug|x64 = Debug|x64
		Debug|x86 = Debug|x86
		Release|x64 = Release|x64
		Release|x86 = Release|x86
	EndGlobalSection
	GlobalSection(ProjectConfigurationPlatforms) = postSolution
		{D4533A69-88EE-485D-848C-F1B1685AA99C}.Debug|x64.ActiveCfg = Debug|x64
		{D4533A69-88EE-485D-848C-F1B1685AA99C}.Debug|x64.Build.0 = Debug|x64
		{D4533A69-88EE-485D-848C-F1B1685AA99C}.Debug|x86.ActiveCfg = Debug|Win32
		{D4533A69-88EE-485D-848C-F1B1685AA99C}.Debug|x86.Build.0 = Debug|Win32
		{D4533A69-88EE-485D-848C-F1B1685AA99C}.Release|x64.ActiveCfg = Release|x64
		{D4533A69-88EE-485D-848C-F1B1685AA99C}.Release|x64.Build.0 = Release|x64
		{D4533A69-88EE-485D-848C-F1B1685AA99C}.Release|x86.ActiveCfg = Release|Win32
		{D4533A69-88EE-485D-848C-F1B1685AA99C}.Release|x86.Build.0 = Release|Win32
		{E51C839F-303E-469F-957B-351CF49FE0C9}.Debug|x64.ActiveCfg = Debug|x64
		{E51C839F-303E-469F-957B-351CF49FE0C9}.Debug|x64.Build.0 = Debug|x64
		{E51C839F-303E-469F-957B-351CF49FE0C9}.Debug|x86.ActiveCfg = Debug|Win32
		{E51C839F-303E-469F-957B-351CF49FE0C9}.Debug|x86.Build.0 = Debug|Win32
		{E51C839F-303E-469F-957B-351CF49FE0C9}.Release|x64.ActiveCfg = Release|x64
		{E51C839F-303E-469F-957B-351CF49FE0C9}.Release|x64.Build.0 = Release|x64
		{E51C839F-303E-469F-957B-351CF49FE0C9}.Release|x86.ActiveCfg = Release|Win32
		{E51C839F-303E-469F-957B-351CF49FE0C9}.Release|x86.Build.0 = Release|Win32
		{C36EBC99-044D-45AF-8287-1FE47765D648}.Debug|x64.ActiveCfg = Debug|x64
		{C36EBC99-044D-45AF-8287-1FE47765D648}.Debug|x64.Build.0 = Debug|x64
		{C36EBC99-044D-45AF-8287-1FE47765D648}.Debug|x86.ActiveCfg = Debug|Win32
		{C36EBC99-044D-45AF-8287-1FE47765D648}.Debug|x86.Build.0 = Debug|Win32
		{C36EBC99-044D-45AF-8287-1FE47765D648}.Release|x64.ActiveCfg = Release|x64
		{C36EBC99-044D-45AF-8287-1FE47765D648}.Release|x64.Build.0 = Release|x64
		{C36EBC99-044D-45AF-8287-1FE47765D648}.Release|x86.ActiveCfg = Release|Win32
		{C36EBC99-044D-45AF-8287-1FE47765D648}.Release|x86.Build.0 = Release|Win32
	EndGlobalSection
	GlobalSection(SolutionProperties) = preSolution
		HideSolutionNode = FALSE
	EndGlobalSection
	GlobalSection(ExtensibilityGlobals) = postSolution
		SolutionGuid = {57D701DC-AC71-4FB2-A394-9C31778CBFB8}
	EndGlobalSection
EndGlobal
